Microsoft Visual Studio Solution File, Format Version 12.00
# Visual Studio Version 17
VisualStudioVersion = 17.5.2.0
MinimumVisualStudioVersion = 10.0.40219.1
Project("{FAE04EC0-301F-11D3-BF4B-00C04F79EFBC}") = "assignment6", "assignment6.csproj", "{93011BD0-90A6-7124-5663-307539329AB7}"
EndProject
Global
	GlobalSection(SolutionConfigurationPlatforms) = preSolution
		Debug|Any CPU = Debug|Any CPU
		Release|Any CPU = Release|Any CPU
	EndGlobalSection
	GlobalSection(ProjectConfigurationPlatforms) = postSolution
		{93011BD0-90A6-7124-5663-307539329AB7}.Debug|Any CPU.ActiveCfg = Debug|Any CPU
		{93011BD0-90A6-7124-5663-307539329AB7}.Debug|Any CPU.Build.0 = Debug|Any CPU
		{93011BD0-90A6-7124-5663-307539329AB7}.Release|Any CPU.ActiveCfg = Release|Any CPU
		{93011BD0-90A6-7124-5663-307539329AB7}.Release|Any CPU.Build.0 = Release|Any CPU
	EndGlobalSection
	GlobalSection(SolutionProperties) = preSolution
		HideSolutionNode = FALSE
	EndGlobalSection
	GlobalSection(ExtensibilityGlobals) = postSolution
		SolutionGuid = {174BB47D-B07D-41F2-8B5D-3209F9C8FCCA}
	EndGlobalSection
EndGlobal
